// !$*UTF8*$!
{
	archiveVersion = 1;
	classes = {
	};
	objectVersion = 50;
	objects = {

/* Begin PBXBuildFile section */
		78D62D81E3EBD55BE5C4C039 /* Pods_Elinext.framework in Frameworks */ = {isa = PBXBuildFile; fileRef = A2B27BB2DD0BB4A64136D497 /* Pods_Elinext.framework */; };
		CE0D67CF2328071C009D20F5 /* cities.json in Resources */ = {isa = PBXBuildFile; fileRef = CE41F567231D49FE00425928 /* cities.json */; };
		CE41F568231D49FE00425928 /* cities.json in Sources */ = {isa = PBXBuildFile; fileRef = CE41F567231D49FE00425928 /* cities.json */; };
		CEAE75BC2319B67900F2399B /* CityCellTableViewCell.swift in Sources */ = {isa = PBXBuildFile; fileRef = CEAE75BB2319B67900F2399B /* CityCellTableViewCell.swift */; };
		CEBE1E5E2327FA310064F58A /* Model.swift in Sources */ = {isa = PBXBuildFile; fileRef = CEBE1E5D2327FA310064F58A /* Model.swift */; };
		CEDDAF0023184A7F00A43F1E /* AppDelegate.swift in Sources */ = {isa = PBXBuildFile; fileRef = CEDDAEFF23184A7F00A43F1E /* AppDelegate.swift */; };
		CEDDAF0223184A7F00A43F1E /* LoginViewController.swift in Sources */ = {isa = PBXBuildFile; fileRef = CEDDAF0123184A7F00A43F1E /* LoginViewController.swift */; };
		CEDDAF0523184A7F00A43F1E /* Main.storyboard in Resources */ = {isa = PBXBuildFile; fileRef = CEDDAF0323184A7F00A43F1E /* Main.storyboard */; };
		CEDDAF0723184A8300A43F1E /* Assets.xcassets in Resources */ = {isa = PBXBuildFile; fileRef = CEDDAF0623184A8300A43F1E /* Assets.xcassets */; };
		CEDDAF0A23184A8300A43F1E /* LaunchScreen.storyboard in Resources */ = {isa = PBXBuildFile; fileRef = CEDDAF0823184A8300A43F1E /* LaunchScreen.storyboard */; };
		CEDDAF142318676900A43F1E /* CitiesViewController.swift in Sources */ = {isa = PBXBuildFile; fileRef = CEDDAF132318676900A43F1E /* CitiesViewController.swift */; };
/* End PBXBuildFile section */

/* Begin PBXFileReference section */
		5EDCB3A41948E8B5B6A46A7B /* Pods-Elinext.release.xcconfig */ = {isa = PBXFileReference; includeInIndex = 1; lastKnownFileType = text.xcconfig; name = "Pods-Elinext.release.xcconfig"; path = "Target Support Files/Pods-Elinext/Pods-Elinext.release.xcconfig"; sourceTree = "<group>"; };
		A2B27BB2DD0BB4A64136D497 /* Pods_Elinext.framework */ = {isa = PBXFileReference; explicitFileType = wrapper.framework; includeInIndex = 0; path = Pods_Elinext.framework; sourceTree = BUILT_PRODUCTS_DIR; };
		CE41F567231D49FE00425928 /* cities.json */ = {isa = PBXFileReference; lastKnownFileType = text.json; path = cities.json; sourceTree = "<group>"; };
		CEAE75BB2319B67900F2399B /* CityCellTableViewCell.swift */ = {isa = PBXFileReference; lastKnownFileType = sourcecode.swift; path = CityCellTableViewCell.swift; sourceTree = "<group>"; };
		CEBE1E5D2327FA310064F58A /* Model.swift */ = {isa = PBXFileReference; lastKnownFileType = sourcecode.swift; path = Model.swift; sourceTree = "<group>"; };
		CEDDAEFC23184A7F00A43F1E /* Elinext.app */ = {isa = PBXFileReference; explicitFileType = wrapper.application; includeInIndex = 0; path = Elinext.app; sourceTree = BUILT_PRODUCTS_DIR; };
		CEDDAEFF23184A7F00A43F1E /* AppDelegate.swift */ = {isa = PBXFileReference; lastKnownFileType = sourcecode.swift; path = AppDelegate.swift; sourceTree = "<group>"; };
		CEDDAF0123184A7F00A43F1E /* LoginViewController.swift */ = {isa = PBXFileReference; lastKnownFileType = sourcecode.swift; path = LoginViewController.swift; sourceTree = "<group>"; };
		CEDDAF0423184A7F00A43F1E /* Base */ = {isa = PBXFileReference; lastKnownFileType = file.storyboard; name = Base; path = Base.lproj/Main.storyboard; sourceTree = "<group>"; };
		CEDDAF0623184A8300A43F1E /* Assets.xcassets */ = {isa = PBXFileReference; lastKnownFileType = folder.assetcatalog; path = Assets.xcassets; sourceTree = "<group>"; };
		CEDDAF0923184A8300A43F1E /* Base */ = {isa = PBXFileReference; lastKnownFileType = file.storyboard; name = Base; path = Base.lproj/LaunchScreen.storyboard; sourceTree = "<group>"; };
		CEDDAF0B23184A8300A43F1E /* Info.plist */ = {isa = PBXFileReference; lastKnownFileType = text.plist.xml; path = Info.plist; sourceTree = "<group>"; };
		CEDDAF132318676900A43F1E /* CitiesViewController.swift */ = {isa = PBXFileReference; lastKnownFileType = sourcecode.swift; path = CitiesViewController.swift; sourceTree = "<group>"; };
		E315177F3C14C75502587A0E /* Pods-Elinext.debug.xcconfig */ = {isa = PBXFileReference; includeInIndex = 1; lastKnownFileType = text.xcconfig; name = "Pods-Elinext.debug.xcconfig"; path = "Target Support Files/Pods-Elinext/Pods-Elinext.debug.xcconfig"; sourceTree = "<group>"; };
/* End PBXFileReference section */

/* Begin PBXFrameworksBuildPhase section */
		CEDDAEF923184A7F00A43F1E /* Frameworks */ = {
			isa = PBXFrameworksBuildPhase;
			buildActionMask = 2147483647;
			files = (
				78D62D81E3EBD55BE5C4C039 /* Pods_Elinext.framework in Frameworks */,
			);
			runOnlyForDeploymentPostprocessing = 0;
		};
/* End PBXFrameworksBuildPhase section */

/* Begin PBXGroup section */
		7D9FABE071347479C38EC6D7 /* Frameworks */ = {
			isa = PBXGroup;
			children = (
				A2B27BB2DD0BB4A64136D497 /* Pods_Elinext.framework */,
			);
			name = Frameworks;
			sourceTree = "<group>";
		};
		CE0D67D023280E98009D20F5 /* Cities */ = {
			isa = PBXGroup;
			children = (
				CE0D67D123280EAE009D20F5 /* Cells */,
				CEDDAF132318676900A43F1E /* CitiesViewController.swift */,
			);
			path = Cities;
			sourceTree = "<group>";
		};
		CE0D67D123280EAE009D20F5 /* Cells */ = {
			isa = PBXGroup;
			children = (
				CEAE75BB2319B67900F2399B /* CityCellTableViewCell.swift */,
			);
			path = Cells;
			sourceTree = "<group>";
		};
		CE0D67D223280EC6009D20F5 /* Login */ = {
			isa = PBXGroup;
			children = (
				CEDDAF0123184A7F00A43F1E /* LoginViewController.swift */,
			);
			path = Login;
			sourceTree = "<group>";
		};
		CE0D67D323280ED7009D20F5 /* Models */ = {
			isa = PBXGroup;
			children = (
				CEBE1E5D2327FA310064F58A /* Model.swift */,
			);
			path = Models;
			sourceTree = "<group>";
		};
		CEDDAEF323184A7F00A43F1E = {
			isa = PBXGroup;
			children = (
				CEDDAEFE23184A7F00A43F1E /* Elinext */,
				CEDDAEFD23184A7F00A43F1E /* Products */,
				FD0B39AE38FD4FD4C5E3E498 /* Pods */,
				7D9FABE071347479C38EC6D7 /* Frameworks */,
			);
			sourceTree = "<group>";
		};
		CEDDAEFD23184A7F00A43F1E /* Products */ = {
			isa = PBXGroup;
			children = (
				CEDDAEFC23184A7F00A43F1E /* Elinext.app */,
			);
			name = Products;
			sourceTree = "<group>";
		};
		CEDDAEFE23184A7F00A43F1E /* Elinext */ = {
			isa = PBXGroup;
			children = (
				CEDDAEFF23184A7F00A43F1E /* AppDelegate.swift */,
				CE0D67D323280ED7009D20F5 /* Models */,
				CE0D67D223280EC6009D20F5 /* Login */,
				CE0D67D023280E98009D20F5 /* Cities */,
				CEDDAF0323184A7F00A43F1E /* Main.storyboard */,
				CEDDAF0623184A8300A43F1E /* Assets.xcassets */,
				CEDDAF0823184A8300A43F1E /* LaunchScreen.storyboard */,
				CE41F567231D49FE00425928 /* cities.json */,
				CEDDAF0B23184A8300A43F1E /* Info.plist */,
			);
			path = Elinext;
			sourceTree = "<group>";
		};
		FD0B39AE38FD4FD4C5E3E498 /* Pods */ = {
			isa = PBXGroup;
			children = (
				E315177F3C14C75502587A0E /* Pods-Elinext.debug.xcconfig */,
				5EDCB3A41948E8B5B6A46A7B /* Pods-Elinext.release.xcconfig */,
			);
			path = Pods;
			sourceTree = "<group>";
		};
/* End PBXGroup section */

/* Begin PBXNativeTarget section */
		CEDDAEFB23184A7F00A43F1E /* Elinext */ = {
			isa = PBXNativeTarget;
			buildConfigurationList = CEDDAF0E23184A8300A43F1E /* Build configuration list for PBXNativeTarget "Elinext" */;
			buildPhases = (
				8DA2CAE93E19F6B683050476 /* [CP] Check Pods Manifest.lock */,
				CEDDAEF823184A7F00A43F1E /* Sources */,
				CEDDAEF923184A7F00A43F1E /* Frameworks */,
				CEDDAEFA23184A7F00A43F1E /* Resources */,
				2310AE9DBC5AB572C2D5BC04 /* [CP] Embed Pods Frameworks */,
			);
			buildRules = (
			);
			dependencies = (
			);
			name = Elinext;
			productName = Elinext;
			productReference = CEDDAEFC23184A7F00A43F1E /* Elinext.app */;
			productType = "com.apple.product-type.application";
		};
/* End PBXNativeTarget section */

/* Begin PBXProject section */
		CEDDAEF423184A7F00A43F1E /* Project object */ = {
			isa = PBXProject;
			attributes = {
				LastSwiftUpdateCheck = 1030;
				LastUpgradeCheck = 1030;
				ORGANIZATIONNAME = TestCompany;
				TargetAttributes = {
					CEDDAEFB23184A7F00A43F1E = {
						CreatedOnToolsVersion = 10.3;
					};
				};
			};
			buildConfigurationList = CEDDAEF723184A7F00A43F1E /* Build configuration list for PBXProject "Elinext" */;
			compatibilityVersion = "Xcode 9.3";
			developmentRegion = en;
			hasScannedForEncodings = 0;
			knownRegions = (
				en,
				Base,
			);
			mainGroup = CEDDAEF323184A7F00A43F1E;
			productRefGroup = CEDDAEFD23184A7F00A43F1E /* Products */;
			projectDirPath = "";
			projectRoot = "";
			targets = (
				CEDDAEFB23184A7F00A43F1E /* Elinext */,
			);
		};
/* End PBXProject section */

/* Begin PBXResourcesBuildPhase section */
		CEDDAEFA23184A7F00A43F1E /* Resources */ = {
			isa = PBXResourcesBuildPhase;
			buildActionMask = 2147483647;
			files = (
				CE0D67CF2328071C009D20F5 /* cities.json in Resources */,
				CEDDAF0A23184A8300A43F1E /* LaunchScreen.storyboard in Resources */,
				CEDDAF0723184A8300A43F1E /* Assets.xcassets in Resources */,
				CEDDAF0523184A7F00A43F1E /* Main.storyboard in Resources */,
			);
			runOnlyForDeploymentPostprocessing = 0;
		};
/* End PBXResourcesBuildPhase section */

/* Begin PBXShellScriptBuildPhase section */
		2310AE9DBC5AB572C2D5BC04 /* [CP] Embed Pods Frameworks */ = {
			isa = PBXShellScriptBuildPhase;
			buildActionMask = 2147483647;
			files = (
			);
			inputFileListPaths = (
			);
			inputPaths = (
				"${PODS_ROOT}/Target Support Files/Pods-Elinext/Pods-Elinext-frameworks.sh",
				"${BUILT_PRODUCTS_DIR}/Alamofire/Alamofire.framework",
				"${BUILT_PRODUCTS_DIR}/Moya/Moya.framework",
				"${BUILT_PRODUCTS_DIR}/Result/Result.framework",
			);
			name = "[CP] Embed Pods Frameworks";
			outputFileListPaths = (
			);
			outputPaths = (
				"${TARGET_BUILD_DIR}/${FRAMEWORKS_FOLDER_PATH}/Alamofire.framework",
				"${TARGET_BUILD_DIR}/${FRAMEWORKS_FOLDER_PATH}/Moya.framework",
				"${TARGET_BUILD_DIR}/${FRAMEWORKS_FOLDER_PATH}/Result.framework",
			);
			runOnlyForDeploymentPostprocessing = 0;
			shellPath = /bin/sh;
			shellScript = "\"${PODS_ROOT}/Target Support Files/Pods-Elinext/Pods-Elinext-frameworks.sh\"\n";
			showEnvVarsInLog = 0;
		};
		8DA2CAE93E19F6B683050476 /* [CP] Check Pods Manifest.lock */ = {
			isa = PBXShellScriptBuildPhase;
			buildActionMask = 2147483647;
			files = (
			);
			inputFileListPaths = (
			);
			inputPaths = (
				"${PODS_PODFILE_DIR_PATH}/Podfile.lock",
				"${PODS_ROOT}/Manifest.lock",
			);
			name = "[CP] Check Pods Manifest.lock";
			outputFileListPaths = (
			);
			outputPaths = (
				"$(DERIVED_FILE_DIR)/Pods-Elinext-checkManifestLockResult.txt",
			);
			runOnlyForDeploymentPostprocessing = 0;
			shellPath = /bin/sh;
			shellScript = "diff \"${PODS_PODFILE_DIR_PATH}/Podfile.lock\" \"${PODS_ROOT}/Manifest.lock\" > /dev/null\nif [ $? != 0 ] ; then\n    # print error to STDERR\n    echo \"error: The sandbox is not in sync with the Podfile.lock. Run 'pod install' or update your CocoaPods installation.\" >&2\n    exit 1\nfi\n# This output is used by Xcode 'outputs' to avoid re-running this script phase.\necho \"SUCCESS\" > \"${SCRIPT_OUTPUT_FILE_0}\"\n";
			showEnvVarsInLog = 0;
		};
/* End PBXShellScriptBuildPhase section */

/* Begin PBXSourcesBuildPhase section */
		CEDDAEF823184A7F00A43F1E /* Sources */ = {
			isa = PBXSourcesBuildPhase;
			buildActionMask = 2147483647;
			files = (
				CEDDAF142318676900A43F1E /* CitiesViewController.swift in Sources */,
				CE41F568231D49FE00425928 /* cities.json in Sources */,
				CEAE75BC2319B67900F2399B /* CityCellTableViewCell.swift in Sources */,
				CEBE1E5E2327FA310064F58A /* Model.swift in Sources */,
				CEDDAF0223184A7F00A43F1E /* LoginViewController.swift in Sources */,
				CEDDAF0023184A7F00A43F1E /* AppDelegate.swift in Sources */,
			);
			runOnlyForDeploymentPostprocessing = 0;
		};
/* End PBXSourcesBuildPhase section */

/* Begin PBXVariantGroup section */
		CEDDAF0323184A7F00A43F1E /* Main.storyboard */ = {
			isa = PBXVariantGroup;
			children = (
				CEDDAF0423184A7F00A43F1E /* Base */,
			);
			name = Main.storyboard;
			sourceTree = "<group>";
		};
		CEDDAF0823184A8300A43F1E /* LaunchScreen.storyboard */ = {
			isa = PBXVariantGroup;
			children = (
				CEDDAF0923184A8300A43F1E /* Base */,
			);
			name = LaunchScreen.storyboard;
			sourceTree = "<group>";
		};
/* End PBXVariantGroup section */

/* Begin XCBuildConfiguration section */
		CEDDAF0C23184A8300A43F1E /* Debug */ = {
			isa = XCBuildConfiguration;
			buildSettings = {
				ALWAYS_SEARCH_USER_PATHS = NO;
				CLANG_ANALYZER_NONNULL = YES;
				CLANG_ANALYZER_NUMBER_OBJECT_CONVERSION = YES_AGGRESSIVE;
				CLANG_CXX_LANGUAGE_STANDARD = "gnu++14";
				CLANG_CXX_LIBRARY = "libc++";
				CLANG_ENABLE_MODULES = YES;
				CLANG_ENABLE_OBJC_ARC = YES;
				CLANG_ENABLE_OBJC_WEAK = YES;
				CLANG_WARN_BLOCK_CAPTURE_AUTORELEASING = YES;
				CLANG_WARN_BOOL_CONVERSION = YES;
				CLANG_WARN_COMMA = YES;
				CLANG_WARN_CONSTANT_CONVERSION = YES;
				CLANG_WARN_DEPRECATED_OBJC_IMPLEMENTATIONS = YES;
				CLANG_WARN_DIRECT_OBJC_ISA_USAGE = YES_ERROR;
				CLANG_WARN_DOCUMENTATION_COMMENTS = YES;
				CLANG_WARN_EMPTY_BODY = YES;
				CLANG_WARN_ENUM_CONVERSION = YES;
				CLANG_WARN_INFINITE_RECURSION = YES;
				CLANG_WARN_INT_CONVERSION = YES;
				CLANG_WARN_NON_LITERAL_NULL_CONVERSION = YES;
				CLANG_WARN_OBJC_IMPLICIT_RETAIN_SELF = YES;
				CLANG_WARN_OBJC_LITERAL_CONVERSION = YES;
				CLANG_WARN_OBJC_ROOT_CLASS = YES_ERROR;
				CLANG_WARN_RANGE_LOOP_ANALYSIS = YES;
				CLANG_WARN_STRICT_PROTOTYPES = YES;
				CLANG_WARN_SUSPICIOUS_MOVE = YES;
				CLANG_WARN_UNGUARDED_AVAILABILITY = YES_AGGRESSIVE;
				CLANG_WARN_UNREACHABLE_CODE = YES;
				CLANG_WARN__DUPLICATE_METHOD_MATCH = YES;
				CODE_SIGN_IDENTITY = "iPhone Developer";
				COPY_PHASE_STRIP = NO;
				DEBUG_INFORMATION_FORMAT = dwarf;
				ENABLE_STRICT_OBJC_MSGSEND = YES;
				ENABLE_TESTABILITY = YES;
				GCC_C_LANGUAGE_STANDARD = gnu11;
				GCC_DYNAMIC_NO_PIC = NO;
				GCC_NO_COMMON_BLOCKS = YES;
				GCC_OPTIMIZATION_LEVEL = 0;
				GCC_PREPROCESSOR_DEFINITIONS = (
					"DEBUG=1",
					"$(inherited)",
				);
				GCC_WARN_64_TO_32_BIT_CONVERSION = YES;
				GCC_WARN_ABOUT_RETURN_TYPE = YES_ERROR;
				GCC_WARN_UNDECLARED_SELECTOR = YES;
				GCC_WARN_UNINITIALIZED_AUTOS = YES_AGGRESSIVE;
				GCC_WARN_UNUSED_FUNCTION = YES;
				GCC_WARN_UNUSED_VARIABLE = YES;
				IPHONEOS_DEPLOYMENT_TARGET = 12.4;
				MTL_ENABLE_DEBUG_INFO = INCLUDE_SOURCE;
				MTL_FAST_MATH = YES;
				ONLY_ACTIVE_ARCH = YES;
				SDKROOT = iphoneos;
				SWIFT_ACTIVE_COMPILATION_CONDITIONS = DEBUG;
				SWIFT_OPTIMIZATION_LEVEL = "-Onone";
			};
			name = Debug;
		};
		CEDDAF0D23184A8300A43F1E /* Release */ = {
			isa = XCBuildConfiguration;
			buildSettings = {
				ALWAYS_SEARCH_USER_PATHS = NO;
				CLANG_ANALYZER_NONNULL = YES;
				CLANG_ANALYZER_NUMBER_OBJECT_CONVERSION = YES_AGGRESSIVE;
				CLANG_CXX_LANGUAGE_STANDARD = "gnu++14";
				CLANG_CXX_LIBRARY = "libc++";
				CLANG_ENABLE_MODULES = YES;
				CLANG_ENABLE_OBJC_ARC = YES;
				CLANG_ENABLE_OBJC_WEAK = YES;
				CLANG_WARN_BLOCK_CAPTURE_AUTORELEASING = YES;
				CLANG_WARN_BOOL_CONVERSION = YES;
				CLANG_WARN_COMMA = YES;
				CLANG_WARN_CONSTANT_CONVERSION = YES;
				CLANG_WARN_DEPRECATED_OBJC_IMPLEMENTATIONS = YES;
				CLANG_WARN_DIRECT_OBJC_ISA_USAGE = YES_ERROR;
				CLANG_WARN_DOCUMENTATION_COMMENTS = YES;
				CLANG_WARN_EMPTY_BODY = YES;
				CLANG_WARN_ENUM_CONVERSION = YES;
				CLANG_WARN_INFINITE_RECURSION = YES;
				CLANG_WARN_INT_CONVERSION = YES;
				CLANG_WARN_NON_LITERAL_NULL_CONVERSION = YES;
				CLANG_WARN_OBJC_IMPLICIT_RETAIN_SELF = YES;
				CLANG_WARN_OBJC_LITERAL_CONVERSION = YES;
				CLANG_WARN_OBJC_ROOT_CLASS = YES_ERROR;
				CLANG_WARN_RANGE_LOOP_ANALYSIS = YES;
				CLANG_WARN_STRICT_PROTOTYPES = YES;
				CLANG_WARN_SUSPICIOUS_MOVE = YES;
				CLANG_WARN_UNGUARDED_AVAILABILITY = YES_AGGRESSIVE;
				CLANG_WARN_UNREACHABLE_CODE = YES;
				CLANG_WARN__DUPLICATE_METHOD_MATCH = YES;
				CODE_SIGN_IDENTITY = "iPhone Developer";
				COPY_PHASE_STRIP = NO;
				DEBUG_INFORMATION_FORMAT = "dwarf-with-dsym";
				ENABLE_NS_ASSERTIONS = NO;
				ENABLE_STRICT_OBJC_MSGSEND = YES;
				GCC_C_LANGUAGE_STANDARD = gnu11;
				GCC_NO_COMMON_BLOCKS = YES;
				GCC_WARN_64_TO_32_BIT_CONVERSION = YES;
				GCC_WARN_ABOUT_RETURN_TYPE = YES_ERROR;
				GCC_WARN_UNDECLARED_SELECTOR = YES;
				GCC_WARN_UNINITIALIZED_AUTOS = YES_AGGRESSIVE;
				GCC_WARN_UNUSED_FUNCTION = YES;
				GCC_WARN_UNUSED_VARIABLE = YES;
				IPHONEOS_DEPLOYMENT_TARGET = 12.4;
				MTL_ENABLE_DEBUG_INFO = NO;
				MTL_FAST_MATH = YES;
				SDKROOT = iphoneos;
				SWIFT_COMPILATION_MODE = wholemodule;
				SWIFT_OPTIMIZATION_LEVEL = "-O";
				VALIDATE_PRODUCT = YES;
			};
			name = Release;
		};
		CEDDAF0F23184A8300A43F1E /* Debug */ = {
			isa = XCBuildConfiguration;
			baseConfigurationReference = E315177F3C14C75502587A0E /* Pods-Elinext.debug.xcconfig */;
			buildSettings = {
				ASSETCATALOG_COMPILER_APPICON_NAME = AppIcon;
				CODE_SIGN_STYLE = Automatic;
				INFOPLIST_FILE = Elinext/Info.plist;
				LD_RUNPATH_SEARCH_PATHS = (
					"$(inherited)",
					"@executable_path/Frameworks",
				);
				PRODUCT_BUNDLE_IDENTIFIER = testask.Elinext;
				PRODUCT_NAME = "$(TARGET_NAME)";
				SWIFT_VERSION = 5.0;
				TARGETED_DEVICE_FAMILY = "1,2";
			};
			name = Debug;
		};
		CEDDAF1023184A8300A43F1E /* Release */ = {
			isa = XCBuildConfiguration;
			baseConfigurationReference = 5EDCB3A41948E8B5B6A46A7B /* Pods-Elinext.release.xcconfig */;
			buildSettings = {
				ASSETCATALOG_COMPILER_APPICON_NAME = AppIcon;
				CODE_SIGN_STYLE = Automatic;
				INFOPLIST_FILE = Elinext/Info.plist;
				LD_RUNPATH_SEARCH_PATHS = (
					"$(inherited)",
					"@executable_path/Frameworks",
				);
				PRODUCT_BUNDLE_IDENTIFIER = testask.Elinext;
				PRODUCT_NAME = "$(TARGET_NAME)";
				SWIFT_VERSION = 5.0;
				TARGETED_DEVICE_FAMILY = "1,2";
			};
			name = Release;
		};
/* End XCBuildConfiguration section */

/* Begin XCConfigurationList section */
		CEDDAEF723184A7F00A43F1E /* Build configuration list for PBXProject "Elinext" */ = {
			isa = XCConfigurationList;
			buildConfigurations = (
				CEDDAF0C23184A8300A43F1E /* Debug */,
				CEDDAF0D23184A8300A43F1E /* Release */,
			);
			defaultConfigurationIsVisible = 0;
			defaultConfigurationName = Release;
		};
		CEDDAF0E23184A8300A43F1E /* Build configuration list for PBXNativeTarget "Elinext" */ = {
			isa = XCConfigurationList;
			buildConfigurations = (
				CEDDAF0F23184A8300A43F1E /* Debug */,
				CEDDAF1023184A8300A43F1E /* Release */,
			);
			defaultConfigurationIsVisible = 0;
			defaultConfigurationName = Release;
		};
/* End XCConfigurationList section */
	};
	rootObject = CEDDAEF423184A7F00A43F1E /* Project object */;
}
